// !$*UTF8*$!
{
	archiveVersion = 1;
	classes = {
	};
	objectVersion = 70;
	objects = {

/* Begin PBXBuildFile section */
		D8068F6F2C4AFCF4004177F6 /* ReconnectCore in Frameworks */ = {isa = PBXBuildFile; productRef = D8068F6E2C4AFCF4004177F6 /* ReconnectCore */; };
		D8068F722C4AFF29004177F6 /* BrowserWindow.swift in Sources */ = {isa = PBXBuildFile; fileRef = D8068F712C4AFF29004177F6 /* BrowserWindow.swift */; };
		D809546E2C4AACF100752BBC /* Reconnect Menu.app in CopyFiles */ = {isa = PBXBuildFile; fileRef = D8F1A59B2C4A4C9B00931C00 /* Reconnect Menu.app */; settings = {ATTRIBUTES = (RemoveHeadersOnCopy, ); }; };
		D813FF152C26E869009CF0DC /* plptools-license in Resources */ = {isa = PBXBuildFile; fileRef = D813FF142C26E869009CF0DC /* plptools-license */; };
		D8184C472C253C59008FA79B /* ApplicationModel.swift in Sources */ = {isa = PBXBuildFile; fileRef = D8184C462C253C59008FA79B /* ApplicationModel.swift */; };
		D820123F2DE1170700854FE9 /* HelpCommands.swift in Sources */ = {isa = PBXBuildFile; fileRef = D820123E2DE1170200854FE9 /* HelpCommands.swift */; };
		D83658B72C29596F00B45693 /* NavigationHistoryTests.swift in Sources */ = {isa = PBXBuildFile; fileRef = D83658B62C29596F00B45693 /* NavigationHistoryTests.swift */; };
		D83658B92C298C4F00B45693 /* NavigationHistory.swift in Sources */ = {isa = PBXBuildFile; fileRef = D83658B82C298C4F00B45693 /* NavigationHistory.swift */; };
		D83658BB2C29A09300B45693 /* HistoryItemView.swift in Sources */ = {isa = PBXBuildFile; fileRef = D83658BA2C29A09300B45693 /* HistoryItemView.swift */; };
		D83A786A2C3C80C9000E8192 /* FileTypePopover.swift in Sources */ = {isa = PBXBuildFile; fileRef = D83A78692C3C80C9000E8192 /* FileTypePopover.swift */; };
		D83B4DDF2C2F9995003C3DC1 /* CheckForUpdatesView.swift in Sources */ = {isa = PBXBuildFile; fileRef = D83B4DDE2C2F9995003C3DC1 /* CheckForUpdatesView.swift */; };
		D83B4DE12C2F99C3003C3DC1 /* CheckForUpdatesViewModel.swift in Sources */ = {isa = PBXBuildFile; fileRef = D83B4DE02C2F99C3003C3DC1 /* CheckForUpdatesViewModel.swift */; };
		D83BD9662DE862AB0075902D /* SwiftyGif in Frameworks */ = {isa = PBXBuildFile; productRef = D83BD9652DE862AB0075902D /* SwiftyGif */; };
		D83BD96E2DE86C100075902D /* SSSwiftUIGIFView in Frameworks */ = {isa = PBXBuildFile; productRef = D83BD96D2DE86C100075902D /* SSSwiftUIGIFView */; };
		D83BD9752DE8E2390075902D /* AnimagedImage.swift in Sources */ = {isa = PBXBuildFile; fileRef = D83BD9742DE8E2370075902D /* AnimagedImage.swift */; };
		D83BD9772DE8F4B40075902D /* NSInstallerWindow.swift in Sources */ = {isa = PBXBuildFile; fileRef = D83BD9762DE8F4B10075902D /* NSInstallerWindow.swift */; };
		D83BD9792DE914B40075902D /* AppDelegate.swift in Sources */ = {isa = PBXBuildFile; fileRef = D83BD9782DE914B20075902D /* AppDelegate.swift */; };
		D84964DA2C1BFCB600405656 /* ReconnectApp.swift in Sources */ = {isa = PBXBuildFile; fileRef = D84964D92C1BFCB600405656 /* ReconnectApp.swift */; };
		D84964DE2C1BFCB700405656 /* Assets.xcassets in Resources */ = {isa = PBXBuildFile; fileRef = D84964DD2C1BFCB700405656 /* Assets.xcassets */; };
		D84964E12C1BFCB700405656 /* Preview Assets.xcassets in Resources */ = {isa = PBXBuildFile; fileRef = D84964E02C1BFCB700405656 /* Preview Assets.xcassets */; };
		D84964EC2C1BFCB700405656 /* ReconnectTests.swift in Sources */ = {isa = PBXBuildFile; fileRef = D84964EB2C1BFCB700405656 /* ReconnectTests.swift */; };
		D84964F62C1BFCB700405656 /* ReconnectUITests.swift in Sources */ = {isa = PBXBuildFile; fileRef = D84964F52C1BFCB700405656 /* ReconnectUITests.swift */; };
		D84964F82C1BFCB700405656 /* ReconnectUITestsLaunchTests.swift in Sources */ = {isa = PBXBuildFile; fileRef = D84964F72C1BFCB700405656 /* ReconnectUITestsLaunchTests.swift */; };
		D8631DAB2C36867400344DC3 /* BrowserDetailView.swift in Sources */ = {isa = PBXBuildFile; fileRef = D8631DAA2C36867300344DC3 /* BrowserDetailView.swift */; };
		D8631DAF2C373A1600344DC3 /* TransferRow.swift in Sources */ = {isa = PBXBuildFile; fileRef = D8631DAE2C373A1600344DC3 /* TransferRow.swift */; };
		D8631DB12C374B0A00344DC3 /* Transfer.swift in Sources */ = {isa = PBXBuildFile; fileRef = D8631DB02C374B0A00344DC3 /* Transfer.swift */; };
		D8631DB32C374B4400344DC3 /* TransfersModel.swift in Sources */ = {isa = PBXBuildFile; fileRef = D8631DB22C374B4400344DC3 /* TransfersModel.swift */; };
		D8631DB52C374F8700344DC3 /* TransfersView.swift in Sources */ = {isa = PBXBuildFile; fileRef = D8631DB42C374F8700344DC3 /* TransfersView.swift */; };
		D8631DB92C375F2400344DC3 /* WindowsPathTests.swift in Sources */ = {isa = PBXBuildFile; fileRef = D8631DB82C375F2400344DC3 /* WindowsPathTests.swift */; };
		D874B0CC2DEE4EB1008E938D /* SisInstallError.swift in Sources */ = {isa = PBXBuildFile; fileRef = D874B0CB2DEE4EAE008E938D /* SisInstallError.swift */; };
		D886DA742C28CDAD00E84BDA /* BrowserView.swift in Sources */ = {isa = PBXBuildFile; fileRef = D886DA732C28CDAD00E84BDA /* BrowserView.swift */; };
		D886DA762C29343900E84BDA /* BrowserModel.swift in Sources */ = {isa = PBXBuildFile; fileRef = D886DA752C29343900E84BDA /* BrowserModel.swift */; };
		D88FA14E2C2CE0FA00805DBD /* Sparkle in Frameworks */ = {isa = PBXBuildFile; productRef = D88FA14D2C2CE0FA00805DBD /* Sparkle */; };
		D890718B2C4B01FC00C11DE8 /* Command.swift in Sources */ = {isa = PBXBuildFile; fileRef = D890718A2C4B01FC00C11DE8 /* Command.swift */; };
		D89071912C4B025D00C11DE8 /* ArgumentParser in Frameworks */ = {isa = PBXBuildFile; productRef = D89071902C4B025D00C11DE8 /* ArgumentParser */; };
		D89071932C4B02D900C11DE8 /* ReconnectCore in Frameworks */ = {isa = PBXBuildFile; productRef = D89071922C4B02D900C11DE8 /* ReconnectCore */; };
		D8981E422DE3B03F003CBCF0 /* BrowserCommands.swift in Sources */ = {isa = PBXBuildFile; fileRef = D8981E412DE3B03C003CBCF0 /* BrowserCommands.swift */; };
		D8981E442DE3B14F003CBCF0 /* SparkleCommands.swift in Sources */ = {isa = PBXBuildFile; fileRef = D8981E432DE3B14D003CBCF0 /* SparkleCommands.swift */; };
		D89B5E8E2C2AA8680014A5B6 /* Sidebar.swift in Sources */ = {isa = PBXBuildFile; fileRef = D89B5E8D2C2AA8680014A5B6 /* Sidebar.swift */; };
		D8A8A8082DE19312007A657B /* Algorithms in Frameworks */ = {isa = PBXBuildFile; productRef = D8A8A8072DE19312007A657B /* Algorithms */; };
		D8A8A80A2DE1A095007A657B /* EditableText.swift in Sources */ = {isa = PBXBuildFile; fileRef = D8A8A8092DE1A093007A657B /* EditableText.swift */; };
		D8A8A80C2DE1A0B6007A657B /* EditableTextModel.swift in Sources */ = {isa = PBXBuildFile; fileRef = D8A8A80B2DE1A0B4007A657B /* EditableTextModel.swift */; };
		D8A8A80E2DE1A7A0007A657B /* apache-2.0-license in Resources */ = {isa = PBXBuildFile; fileRef = D8A8A80D2DE1A799007A657B /* apache-2.0-license */; };
		D8AB7ED32D0AA1140076E19F /* FileReference.swift in Sources */ = {isa = PBXBuildFile; fileRef = D8AB7ED22D0AA1130076E19F /* FileReference.swift */; };
		D8AB9C342DEE3A230087F13E /* TextQueryInstallerPage.swift in Sources */ = {isa = PBXBuildFile; fileRef = D8AB9C332DEE3A1E0087F13E /* TextQueryInstallerPage.swift */; };
		D8AB9C382DEE3EFE0087F13E /* WindowProxy.swift in Sources */ = {isa = PBXBuildFile; fileRef = D8AB9C372DEE3EFC0087F13E /* WindowProxy.swift */; };
		D8AC642C2D0D58970085306B /* ThumbnailView.swift in Sources */ = {isa = PBXBuildFile; fileRef = D8AC642B2D0D58910085306B /* ThumbnailView.swift */; };
		D8AC642E2D0D5B4D0085306B /* PixelImage.swift in Sources */ = {isa = PBXBuildFile; fileRef = D8AC642D2D0D5B4A0085306B /* PixelImage.swift */; };
		D8AE29A82CA25A9800116439 /* PsionSoftwareIndex in Frameworks */ = {isa = PBXBuildFile; productRef = D8AE29A72CA25A9800116439 /* PsionSoftwareIndex */; };
		D8CBAC652C4A02580035FC3D /* ReconnectCore in Frameworks */ = {isa = PBXBuildFile; productRef = D8CBAC642C4A02580035FC3D /* ReconnectCore */; };
		D8D362992DE79CB000DDDD19 /* Localizable.strings in Resources */ = {isa = PBXBuildFile; fileRef = D8D362972DE79CB000DDDD19 /* Localizable.strings */; };
		D8D3629B2DE7A23900DDDD19 /* InstallerPage.swift in Sources */ = {isa = PBXBuildFile; fileRef = D8D3629A2DE7A23700DDDD19 /* InstallerPage.swift */; };
		D8D3E79F2C2540D9003E696D /* Interact in Frameworks */ = {isa = PBXBuildFile; productRef = D8D3E79E2C2540D9003E696D /* Interact */; };
		D8D5E3772DEB858500FEFBE1 /* ConfigurationQueryInstallerPage.swift in Sources */ = {isa = PBXBuildFile; fileRef = D8D5E3762DEB858100FEFBE1 /* ConfigurationQueryInstallerPage.swift */; };
		D8DC357F2E0F37C700471D7D /* NavigationCommands.swift in Sources */ = {isa = PBXBuildFile; fileRef = D8DC357E2E0F37C100471D7D /* NavigationCommands.swift */; };
		D8DE6DF92DF0DACF00E39CE2 /* ReplaceQueryInstallerPage.swift in Sources */ = {isa = PBXBuildFile; fileRef = D8DE6DF82DF0DACE00E39CE2 /* ReplaceQueryInstallerPage.swift */; };
		D8DECF462DE62876004DE55C /* InstallerView.swift in Sources */ = {isa = PBXBuildFile; fileRef = D8DECF452DE62874004DE55C /* InstallerView.swift */; };
		D8DECF482DE62890004DE55C /* InstallerModel.swift in Sources */ = {isa = PBXBuildFile; fileRef = D8DECF472DE6288C004DE55C /* InstallerModel.swift */; };
		D8E2325C2DE1117800879866 /* FileConverter.swift in Sources */ = {isa = PBXBuildFile; fileRef = D8E2325B2DE1117400879866 /* FileConverter.swift */; };
		D8E31EB32C26E09500350082 /* Diligence in Frameworks */ = {isa = PBXBuildFile; productRef = D8E31EB22C26E09500350082 /* Diligence */; };
		D8E31EB52C26E10900350082 /* Licensable.swift in Sources */ = {isa = PBXBuildFile; fileRef = D8E31EB42C26E10900350082 /* Licensable.swift */; };
		D8E31EBA2C26E1E400350082 /* reconnect-license in Resources */ = {isa = PBXBuildFile; fileRef = D8E31EB92C26E1E400350082 /* reconnect-license */; };
		D8E8B4FE2D1529E800405445 /* src in Resources */ = {isa = PBXBuildFile; fileRef = D8E8B4FD2D1529E800405445 /* src */; };
		D8F1A59E2C4A4C9B00931C00 /* ReconnectMenuApp.swift in Sources */ = {isa = PBXBuildFile; fileRef = D8F1A59D2C4A4C9B00931C00 /* ReconnectMenuApp.swift */; };
		D8F1A5A22C4A4C9C00931C00 /* Assets.xcassets in Resources */ = {isa = PBXBuildFile; fileRef = D8F1A5A12C4A4C9C00931C00 /* Assets.xcassets */; };
		D8F1A5A52C4A4C9C00931C00 /* Preview Assets.xcassets in Resources */ = {isa = PBXBuildFile; fileRef = D8F1A5A42C4A4C9C00931C00 /* Preview Assets.xcassets */; };
		D8F1A5AD2C4A4E6E00931C00 /* MainMenu.swift in Sources */ = {isa = PBXBuildFile; fileRef = D8D3E7A02C25410E003E696D /* MainMenu.swift */; };
		D8F1A5B02C4A4EBC00931C00 /* ApplicationModel.swift in Sources */ = {isa = PBXBuildFile; fileRef = D8F1A5AF2C4A4EBC00931C00 /* ApplicationModel.swift */; };
		D8F1A5B82C4A4F8000931C00 /* Interact in Frameworks */ = {isa = PBXBuildFile; productRef = D8F1A5B72C4A4F8000931C00 /* Interact */; };
		D8FD72732C3D192F0038DB17 /* sparkle-license in Resources */ = {isa = PBXBuildFile; fileRef = D8FD72722C3D192F0038DB17 /* sparkle-license */; };
		D8FFE85F2C49F2FB001F7D8A /* TransfersWindow.swift in Sources */ = {isa = PBXBuildFile; fileRef = D8FFE85E2C49F2FB001F7D8A /* TransfersWindow.swift */; };
/* End PBXBuildFile section */

/* Begin PBXContainerItemProxy section */
		D809546C2C4AAC7F00752BBC /* PBXContainerItemProxy */ = {
			isa = PBXContainerItemProxy;
			containerPortal = D84964CE2C1BFCB600405656 /* Project object */;
			proxyType = 1;
			remoteGlobalIDString = D8F1A59A2C4A4C9B00931C00;
			remoteInfo = "Reconnect Menu";
		};
		D84964E82C1BFCB700405656 /* PBXContainerItemProxy */ = {
			isa = PBXContainerItemProxy;
			containerPortal = D84964CE2C1BFCB600405656 /* Project object */;
			proxyType = 1;
			remoteGlobalIDString = D84964D52C1BFCB600405656;
			remoteInfo = PsiMac;
		};
		D84964F22C1BFCB700405656 /* PBXContainerItemProxy */ = {
			isa = PBXContainerItemProxy;
			containerPortal = D84964CE2C1BFCB600405656 /* Project object */;
			proxyType = 1;
			remoteGlobalIDString = D84964D52C1BFCB600405656;
			remoteInfo = PsiMac;
		};
/* End PBXContainerItemProxy section */

/* Begin PBXCopyFilesBuildPhase section */
		D809546A2C4AAA4A00752BBC /* CopyFiles */ = {
			isa = PBXCopyFilesBuildPhase;
			buildActionMask = 2147483647;
			dstPath = "";
			dstSubfolderSpec = 7;
			files = (
				D809546E2C4AACF100752BBC /* Reconnect Menu.app in CopyFiles */,
			);
			runOnlyForDeploymentPostprocessing = 0;
		};
		D89071862C4B01FC00C11DE8 /* CopyFiles */ = {
			isa = PBXCopyFilesBuildPhase;
			buildActionMask = 2147483647;
			dstPath = /usr/share/man/man1/;
			dstSubfolderSpec = 0;
			files = (
			);
			runOnlyForDeploymentPostprocessing = 1;
		};
/* End PBXCopyFilesBuildPhase section */

/* Begin PBXFileReference section */
		D8068F6D2C4AFCE4004177F6 /* ReconnectCore */ = {isa = PBXFileReference; lastKnownFileType = wrapper; path = ReconnectCore; sourceTree = "<group>"; };
		D8068F712C4AFF29004177F6 /* BrowserWindow.swift */ = {isa = PBXFileReference; lastKnownFileType = sourcecode.swift; path = BrowserWindow.swift; sourceTree = "<group>"; };
		D813FF142C26E869009CF0DC /* plptools-license */ = {isa = PBXFileReference; lastKnownFileType = text; path = "plptools-license"; sourceTree = "<group>"; };
		D8184C462C253C59008FA79B /* ApplicationModel.swift */ = {isa = PBXFileReference; lastKnownFileType = sourcecode.swift; path = ApplicationModel.swift; sourceTree = "<group>"; };
		D820123E2DE1170200854FE9 /* HelpCommands.swift */ = {isa = PBXFileReference; lastKnownFileType = sourcecode.swift; path = HelpCommands.swift; sourceTree = "<group>"; };
		D83658B62C29596F00B45693 /* NavigationHistoryTests.swift */ = {isa = PBXFileReference; lastKnownFileType = sourcecode.swift; path = NavigationHistoryTests.swift; sourceTree = "<group>"; };
		D83658B82C298C4F00B45693 /* NavigationHistory.swift */ = {isa = PBXFileReference; lastKnownFileType = sourcecode.swift; path = NavigationHistory.swift; sourceTree = "<group>"; };
		D83658BA2C29A09300B45693 /* HistoryItemView.swift */ = {isa = PBXFileReference; lastKnownFileType = sourcecode.swift; path = HistoryItemView.swift; sourceTree = "<group>"; };
		D83A78692C3C80C9000E8192 /* FileTypePopover.swift */ = {isa = PBXFileReference; lastKnownFileType = sourcecode.swift; path = FileTypePopover.swift; sourceTree = "<group>"; };
		D83B4DDE2C2F9995003C3DC1 /* CheckForUpdatesView.swift */ = {isa = PBXFileReference; lastKnownFileType = sourcecode.swift; path = CheckForUpdatesView.swift; sourceTree = "<group>"; };
		D83B4DE02C2F99C3003C3DC1 /* CheckForUpdatesViewModel.swift */ = {isa = PBXFileReference; lastKnownFileType = sourcecode.swift; path = CheckForUpdatesViewModel.swift; sourceTree = "<group>"; };
		D83BD9742DE8E2370075902D /* AnimagedImage.swift */ = {isa = PBXFileReference; lastKnownFileType = sourcecode.swift; path = AnimagedImage.swift; sourceTree = "<group>"; };
		D83BD9762DE8F4B10075902D /* NSInstallerWindow.swift */ = {isa = PBXFileReference; lastKnownFileType = sourcecode.swift; path = NSInstallerWindow.swift; sourceTree = "<group>"; };
		D83BD9782DE914B20075902D /* AppDelegate.swift */ = {isa = PBXFileReference; lastKnownFileType = sourcecode.swift; path = AppDelegate.swift; sourceTree = "<group>"; };
		D84964D62C1BFCB600405656 /* Reconnect.app */ = {isa = PBXFileReference; explicitFileType = wrapper.application; includeInIndex = 0; path = Reconnect.app; sourceTree = BUILT_PRODUCTS_DIR; };
		D84964D92C1BFCB600405656 /* ReconnectApp.swift */ = {isa = PBXFileReference; lastKnownFileType = sourcecode.swift; path = ReconnectApp.swift; sourceTree = "<group>"; };
		D84964DD2C1BFCB700405656 /* Assets.xcassets */ = {isa = PBXFileReference; lastKnownFileType = folder.assetcatalog; path = Assets.xcassets; sourceTree = "<group>"; };
		D84964E02C1BFCB700405656 /* Preview Assets.xcassets */ = {isa = PBXFileReference; lastKnownFileType = folder.assetcatalog; path = "Preview Assets.xcassets"; sourceTree = "<group>"; };
		D84964E22C1BFCB700405656 /* Reconnect.entitlements */ = {isa = PBXFileReference; lastKnownFileType = text.plist.entitlements; path = Reconnect.entitlements; sourceTree = "<group>"; };
		D84964E72C1BFCB700405656 /* ReconnectTests.xctest */ = {isa = PBXFileReference; explicitFileType = wrapper.cfbundle; includeInIndex = 0; path = ReconnectTests.xctest; sourceTree = BUILT_PRODUCTS_DIR; };
		D84964EB2C1BFCB700405656 /* ReconnectTests.swift */ = {isa = PBXFileReference; lastKnownFileType = sourcecode.swift; path = ReconnectTests.swift; sourceTree = "<group>"; };
		D84964F12C1BFCB700405656 /* ReconnectUITests.xctest */ = {isa = PBXFileReference; explicitFileType = wrapper.cfbundle; includeInIndex = 0; path = ReconnectUITests.xctest; sourceTree = BUILT_PRODUCTS_DIR; };
		D84964F52C1BFCB700405656 /* ReconnectUITests.swift */ = {isa = PBXFileReference; lastKnownFileType = sourcecode.swift; path = ReconnectUITests.swift; sourceTree = "<group>"; };
		D84964F72C1BFCB700405656 /* ReconnectUITestsLaunchTests.swift */ = {isa = PBXFileReference; lastKnownFileType = sourcecode.swift; path = ReconnectUITestsLaunchTests.swift; sourceTree = "<group>"; };
		D8631DAA2C36867300344DC3 /* BrowserDetailView.swift */ = {isa = PBXFileReference; lastKnownFileType = sourcecode.swift; path = BrowserDetailView.swift; sourceTree = "<group>"; };
		D8631DAE2C373A1600344DC3 /* TransferRow.swift */ = {isa = PBXFileReference; lastKnownFileType = sourcecode.swift; path = TransferRow.swift; sourceTree = "<group>"; };
		D8631DB02C374B0A00344DC3 /* Transfer.swift */ = {isa = PBXFileReference; lastKnownFileType = sourcecode.swift; path = Transfer.swift; sourceTree = "<group>"; };
		D8631DB22C374B4400344DC3 /* TransfersModel.swift */ = {isa = PBXFileReference; lastKnownFileType = sourcecode.swift; path = TransfersModel.swift; sourceTree = "<group>"; };
		D8631DB42C374F8700344DC3 /* TransfersView.swift */ = {isa = PBXFileReference; lastKnownFileType = sourcecode.swift; path = TransfersView.swift; sourceTree = "<group>"; };
		D8631DB82C375F2400344DC3 /* WindowsPathTests.swift */ = {isa = PBXFileReference; lastKnownFileType = sourcecode.swift; path = WindowsPathTests.swift; sourceTree = "<group>"; };
		D874B0CB2DEE4EAE008E938D /* SisInstallError.swift */ = {isa = PBXFileReference; lastKnownFileType = sourcecode.swift; path = SisInstallError.swift; sourceTree = "<group>"; };
		D876E60C2C22BAA9004A6881 /* libSystem.B.tbd */ = {isa = PBXFileReference; lastKnownFileType = "sourcecode.text-based-dylib-definition"; name = libSystem.B.tbd; path = usr/lib/libSystem.B.tbd; sourceTree = SDKROOT; };
		D876E60D2C22BAB9004A6881 /* libSystem.tbd */ = {isa = PBXFileReference; lastKnownFileType = "sourcecode.text-based-dylib-definition"; name = libSystem.tbd; path = usr/lib/libSystem.tbd; sourceTree = SDKROOT; };
		D886DA732C28CDAD00E84BDA /* BrowserView.swift */ = {isa = PBXFileReference; lastKnownFileType = sourcecode.swift; path = BrowserView.swift; sourceTree = "<group>"; };
		D886DA752C29343900E84BDA /* BrowserModel.swift */ = {isa = PBXFileReference; lastKnownFileType = sourcecode.swift; path = BrowserModel.swift; sourceTree = "<group>"; };
		D89071882C4B01FC00C11DE8 /* screenshot-sis */ = {isa = PBXFileReference; explicitFileType = "compiled.mach-o.executable"; includeInIndex = 0; path = "screenshot-sis"; sourceTree = BUILT_PRODUCTS_DIR; };
		D890718A2C4B01FC00C11DE8 /* Command.swift */ = {isa = PBXFileReference; lastKnownFileType = sourcecode.swift; path = Command.swift; sourceTree = "<group>"; };
		D8981E412DE3B03C003CBCF0 /* BrowserCommands.swift */ = {isa = PBXFileReference; lastKnownFileType = sourcecode.swift; path = BrowserCommands.swift; sourceTree = "<group>"; };
		D8981E432DE3B14D003CBCF0 /* SparkleCommands.swift */ = {isa = PBXFileReference; lastKnownFileType = sourcecode.swift; path = SparkleCommands.swift; sourceTree = "<group>"; };
		D89B5E8D2C2AA8680014A5B6 /* Sidebar.swift */ = {isa = PBXFileReference; lastKnownFileType = sourcecode.swift; path = Sidebar.swift; sourceTree = "<group>"; };
		D8A8A8092DE1A093007A657B /* EditableText.swift */ = {isa = PBXFileReference; lastKnownFileType = sourcecode.swift; path = EditableText.swift; sourceTree = "<group>"; };
		D8A8A80B2DE1A0B4007A657B /* EditableTextModel.swift */ = {isa = PBXFileReference; lastKnownFileType = sourcecode.swift; path = EditableTextModel.swift; sourceTree = "<group>"; };
		D8A8A80D2DE1A799007A657B /* apache-2.0-license */ = {isa = PBXFileReference; lastKnownFileType = text; path = "apache-2.0-license"; sourceTree = "<group>"; };
		D8AB7ED22D0AA1130076E19F /* FileReference.swift */ = {isa = PBXFileReference; lastKnownFileType = sourcecode.swift; path = FileReference.swift; sourceTree = "<group>"; };
		D8AB9C332DEE3A1E0087F13E /* TextQueryInstallerPage.swift */ = {isa = PBXFileReference; lastKnownFileType = sourcecode.swift; path = TextQueryInstallerPage.swift; sourceTree = "<group>"; };
		D8AB9C372DEE3EFC0087F13E /* WindowProxy.swift */ = {isa = PBXFileReference; lastKnownFileType = sourcecode.swift; path = WindowProxy.swift; sourceTree = "<group>"; };
		D8AC642B2D0D58910085306B /* ThumbnailView.swift */ = {isa = PBXFileReference; lastKnownFileType = sourcecode.swift; path = ThumbnailView.swift; sourceTree = "<group>"; };
		D8AC642D2D0D5B4A0085306B /* PixelImage.swift */ = {isa = PBXFileReference; lastKnownFileType = sourcecode.swift; path = PixelImage.swift; sourceTree = "<group>"; };
		D8AD8B532C2379A10063A613 /* Info.plist */ = {isa = PBXFileReference; lastKnownFileType = text.plist; path = Info.plist; sourceTree = "<group>"; };
		D8D362982DE79CB000DDDD19 /* en */ = {isa = PBXFileReference; lastKnownFileType = text.plist.strings; name = en; path = en.lproj/Localizable.strings; sourceTree = "<group>"; };
		D8D3629A2DE7A23700DDDD19 /* InstallerPage.swift */ = {isa = PBXFileReference; lastKnownFileType = sourcecode.swift; path = InstallerPage.swift; sourceTree = "<group>"; };
		D8D3E7A02C25410E003E696D /* MainMenu.swift */ = {isa = PBXFileReference; lastKnownFileType = sourcecode.swift; path = MainMenu.swift; sourceTree = "<group>"; };
		D8D5E3762DEB858100FEFBE1 /* ConfigurationQueryInstallerPage.swift */ = {isa = PBXFileReference; lastKnownFileType = sourcecode.swift; path = ConfigurationQueryInstallerPage.swift; sourceTree = "<group>"; };
		D8DC357E2E0F37C100471D7D /* NavigationCommands.swift */ = {isa = PBXFileReference; lastKnownFileType = sourcecode.swift; path = NavigationCommands.swift; sourceTree = "<group>"; };
		D8DE6DF82DF0DACE00E39CE2 /* ReplaceQueryInstallerPage.swift */ = {isa = PBXFileReference; lastKnownFileType = sourcecode.swift; path = ReplaceQueryInstallerPage.swift; sourceTree = "<group>"; };
		D8DECF452DE62874004DE55C /* InstallerView.swift */ = {isa = PBXFileReference; lastKnownFileType = sourcecode.swift; path = InstallerView.swift; sourceTree = "<group>"; };
		D8DECF472DE6288C004DE55C /* InstallerModel.swift */ = {isa = PBXFileReference; lastKnownFileType = sourcecode.swift; path = InstallerModel.swift; sourceTree = "<group>"; };
		D8E2325B2DE1117400879866 /* FileConverter.swift */ = {isa = PBXFileReference; lastKnownFileType = sourcecode.swift; path = FileConverter.swift; sourceTree = "<group>"; };
		D8E31EB42C26E10900350082 /* Licensable.swift */ = {isa = PBXFileReference; lastKnownFileType = sourcecode.swift; path = Licensable.swift; sourceTree = "<group>"; };
		D8E31EB92C26E1E400350082 /* reconnect-license */ = {isa = PBXFileReference; lastKnownFileType = text; path = "reconnect-license"; sourceTree = "<group>"; };
		D8E8B4FD2D1529E800405445 /* src */ = {isa = PBXFileReference; lastKnownFileType = folder; name = src; path = dependencies/opolua/src; sourceTree = "<group>"; };
		D8F1A59B2C4A4C9B00931C00 /* Reconnect Menu.app */ = {isa = PBXFileReference; explicitFileType = wrapper.application; includeInIndex = 0; path = "Reconnect Menu.app"; sourceTree = BUILT_PRODUCTS_DIR; };
		D8F1A59D2C4A4C9B00931C00 /* ReconnectMenuApp.swift */ = {isa = PBXFileReference; lastKnownFileType = sourcecode.swift; path = ReconnectMenuApp.swift; sourceTree = "<group>"; };
		D8F1A5A12C4A4C9C00931C00 /* Assets.xcassets */ = {isa = PBXFileReference; lastKnownFileType = folder.assetcatalog; path = Assets.xcassets; sourceTree = "<group>"; };
		D8F1A5A42C4A4C9C00931C00 /* Preview Assets.xcassets */ = {isa = PBXFileReference; lastKnownFileType = folder.assetcatalog; path = "Preview Assets.xcassets"; sourceTree = "<group>"; };
		D8F1A5A62C4A4C9C00931C00 /* ReconnectMenu.entitlements */ = {isa = PBXFileReference; lastKnownFileType = text.plist.entitlements; path = ReconnectMenu.entitlements; sourceTree = "<group>"; };
		D8F1A5AF2C4A4EBC00931C00 /* ApplicationModel.swift */ = {isa = PBXFileReference; lastKnownFileType = sourcecode.swift; path = ApplicationModel.swift; sourceTree = "<group>"; };
		D8FD72722C3D192F0038DB17 /* sparkle-license */ = {isa = PBXFileReference; lastKnownFileType = text; path = "sparkle-license"; sourceTree = "<group>"; };
		D8FFE85E2C49F2FB001F7D8A /* TransfersWindow.swift */ = {isa = PBXFileReference; lastKnownFileType = sourcecode.swift; path = TransfersWindow.swift; sourceTree = "<group>"; };
/* End PBXFileReference section */

/* Begin PBXFileSystemSynchronizedRootGroup section */
		D83BD9672DE863220075902D /* Resources */ = {isa = PBXFileSystemSynchronizedRootGroup; explicitFileTypes = {}; explicitFolders = (); path = Resources; sourceTree = "<group>"; };
/* End PBXFileSystemSynchronizedRootGroup section */

/* Begin PBXFrameworksBuildPhase section */
		D84964D32C1BFCB600405656 /* Frameworks */ = {
			isa = PBXFrameworksBuildPhase;
			buildActionMask = 2147483647;
			files = (
				D8A8A8082DE19312007A657B /* Algorithms in Frameworks */,
				D8CBAC652C4A02580035FC3D /* ReconnectCore in Frameworks */,
				D83BD96E2DE86C100075902D /* SSSwiftUIGIFView in Frameworks */,
				D83BD9662DE862AB0075902D /* SwiftyGif in Frameworks */,
				D8E31EB32C26E09500350082 /* Diligence in Frameworks */,
				D88FA14E2C2CE0FA00805DBD /* Sparkle in Frameworks */,
				D8AE29A82CA25A9800116439 /* PsionSoftwareIndex in Frameworks */,
				D8D3E79F2C2540D9003E696D /* Interact in Frameworks */,
			);
			runOnlyForDeploymentPostprocessing = 0;
		};
		D84964E42C1BFCB700405656 /* Frameworks */ = {
			isa = PBXFrameworksBuildPhase;
			buildActionMask = 2147483647;
			files = (
			);
			runOnlyForDeploymentPostprocessing = 0;
		};
		D84964EE2C1BFCB700405656 /* Frameworks */ = {
			isa = PBXFrameworksBuildPhase;
			buildActionMask = 2147483647;
			files = (
			);
			runOnlyForDeploymentPostprocessing = 0;
		};
		D89071852C4B01FC00C11DE8 /* Frameworks */ = {
			isa = PBXFrameworksBuildPhase;
			buildActionMask = 2147483647;
			files = (
				D89071912C4B025D00C11DE8 /* ArgumentParser in Frameworks */,
				D89071932C4B02D900C11DE8 /* ReconnectCore in Frameworks */,
			);
			runOnlyForDeploymentPostprocessing = 0;
		};
		D8F1A5982C4A4C9B00931C00 /* Frameworks */ = {
			isa = PBXFrameworksBuildPhase;
			buildActionMask = 2147483647;
			files = (
				D8F1A5B82C4A4F8000931C00 /* Interact in Frameworks */,
				D8068F6F2C4AFCF4004177F6 /* ReconnectCore in Frameworks */,
			);
			runOnlyForDeploymentPostprocessing = 0;
		};
/* End PBXFrameworksBuildPhase section */

/* Begin PBXGroup section */
		D8068F702C4AFF05004177F6 /* Windows */ = {
			isa = PBXGroup;
			children = (
				D83BD9762DE8F4B10075902D /* NSInstallerWindow.swift */,
				D8068F712C4AFF29004177F6 /* BrowserWindow.swift */,
				D8FFE85E2C49F2FB001F7D8A /* TransfersWindow.swift */,
			);
			path = Windows;
			sourceTree = "<group>";
		};
		D80954632C4A57D400752BBC /* Views */ = {
			isa = PBXGroup;
			children = (
				D8D3E7A02C25410E003E696D /* MainMenu.swift */,
			);
			path = Views;
			sourceTree = "<group>";
		};
		D8184C482C253C6F008FA79B /* Model */ = {
			isa = PBXGroup;
			children = (
				D8184C462C253C59008FA79B /* ApplicationModel.swift */,
				D886DA752C29343900E84BDA /* BrowserModel.swift */,
				D83B4DE02C2F99C3003C3DC1 /* CheckForUpdatesViewModel.swift */,
				D8A8A80B2DE1A0B4007A657B /* EditableTextModel.swift */,
				D8E2325B2DE1117400879866 /* FileConverter.swift */,
				D8AB7ED22D0AA1130076E19F /* FileReference.swift */,
				D8DECF472DE6288C004DE55C /* InstallerModel.swift */,
				D8631DB02C374B0A00344DC3 /* Transfer.swift */,
				D8631DB22C374B4400344DC3 /* TransfersModel.swift */,
			);
			path = Model;
			sourceTree = "<group>";
		};
		D8184C492C253D62008FA79B /* Views */ = {
			isa = PBXGroup;
			children = (
				D83BD9742DE8E2370075902D /* AnimagedImage.swift */,
				D8631DAA2C36867300344DC3 /* BrowserDetailView.swift */,
				D886DA732C28CDAD00E84BDA /* BrowserView.swift */,
				D83B4DDE2C2F9995003C3DC1 /* CheckForUpdatesView.swift */,
				D8A8A8092DE1A093007A657B /* EditableText.swift */,
				D83A78692C3C80C9000E8192 /* FileTypePopover.swift */,
				D83658BA2C29A09300B45693 /* HistoryItemView.swift */,
				D8AC642D2D0D5B4A0085306B /* PixelImage.swift */,
				D89B5E8D2C2AA8680014A5B6 /* Sidebar.swift */,
				D8AC642B2D0D58910085306B /* ThumbnailView.swift */,
				D8631DAE2C373A1600344DC3 /* TransferRow.swift */,
				D8631DB42C374F8700344DC3 /* TransfersView.swift */,
				D8AB9C352DEE3A5C0087F13E /* Installer */,
			);
			path = Views;
			sourceTree = "<group>";
		};
		D820123D2DE116EF00854FE9 /* Commands */ = {
			isa = PBXGroup;
			children = (
				D8981E412DE3B03C003CBCF0 /* BrowserCommands.swift */,
				D820123E2DE1170200854FE9 /* HelpCommands.swift */,
				D8DC357E2E0F37C100471D7D /* NavigationCommands.swift */,
				D8981E432DE3B14D003CBCF0 /* SparkleCommands.swift */,
			);
			path = Commands;
			sourceTree = "<group>";
		};
		D822EA0F2C2BA305008A4BAA /* Utilities */ = {
			isa = PBXGroup;
			children = (
				D83658B82C298C4F00B45693 /* NavigationHistory.swift */,
			);
			path = Utilities;
			sourceTree = "<group>";
		};
		D84964CD2C1BFCB600405656 = {
			isa = PBXGroup;
			children = (
				D8E8B4FD2D1529E800405445 /* src */,
				D8068F6D2C4AFCE4004177F6 /* ReconnectCore */,
				D84964D82C1BFCB600405656 /* Reconnect */,
				D84964EA2C1BFCB700405656 /* ReconnectTests */,
				D84964F42C1BFCB700405656 /* ReconnectUITests */,
				D8F1A59C2C4A4C9B00931C00 /* ReconnectMenu */,
				D89071892C4B01FC00C11DE8 /* ScreenshotSIS */,
				D84964D72C1BFCB600405656 /* Products */,
				D84965332C1C30E500405656 /* Frameworks */,
			);
			sourceTree = "<group>";
		};
		D84964D72C1BFCB600405656 /* Products */ = {
			isa = PBXGroup;
			children = (
				D84964D62C1BFCB600405656 /* Reconnect.app */,
				D84964E72C1BFCB700405656 /* ReconnectTests.xctest */,
				D84964F12C1BFCB700405656 /* ReconnectUITests.xctest */,
				D8F1A59B2C4A4C9B00931C00 /* Reconnect Menu.app */,
				D89071882C4B01FC00C11DE8 /* screenshot-sis */,
			);
			name = Products;
			sourceTree = "<group>";
		};
		D84964D82C1BFCB600405656 /* Reconnect */ = {
			isa = PBXGroup;
			children = (
				D84964E22C1BFCB700405656 /* Reconnect.entitlements */,
				D8AD8B532C2379A10063A613 /* Info.plist */,
				D83BD9782DE914B20075902D /* AppDelegate.swift */,
				D84964D92C1BFCB600405656 /* ReconnectApp.swift */,
				D84964DD2C1BFCB700405656 /* Assets.xcassets */,
				D820123D2DE116EF00854FE9 /* Commands */,
				D8AB9C362DEE3EF70087F13E /* Environment */,
				D849653D2C1D07AD00405656 /* Extensions */,
				D8E31EB82C26E1CA00350082 /* Licenses */,
				D8D362972DE79CB000DDDD19 /* Localizable.strings */,
				D8184C482C253C6F008FA79B /* Model */,
				D84964DF2C1BFCB700405656 /* Preview Content */,
				D83BD9672DE863220075902D /* Resources */,
				D822EA0F2C2BA305008A4BAA /* Utilities */,
				D8184C492C253D62008FA79B /* Views */,
				D8068F702C4AFF05004177F6 /* Windows */,
			);
			path = Reconnect;
			sourceTree = "<group>";
		};
		D84964DF2C1BFCB700405656 /* Preview Content */ = {
			isa = PBXGroup;
			children = (
				D84964E02C1BFCB700405656 /* Preview Assets.xcassets */,
			);
			path = "Preview Content";
			sourceTree = "<group>";
		};
		D84964EA2C1BFCB700405656 /* ReconnectTests */ = {
			isa = PBXGroup;
			children = (
				D83658B62C29596F00B45693 /* NavigationHistoryTests.swift */,
				D84964EB2C1BFCB700405656 /* ReconnectTests.swift */,
				D8631DB82C375F2400344DC3 /* WindowsPathTests.swift */,
			);
			path = ReconnectTests;
			sourceTree = "<group>";
		};
		D84964F42C1BFCB700405656 /* ReconnectUITests */ = {
			isa = PBXGroup;
			children = (
				D84964F52C1BFCB700405656 /* ReconnectUITests.swift */,
				D84964F72C1BFCB700405656 /* ReconnectUITestsLaunchTests.swift */,
			);
			path = ReconnectUITests;
			sourceTree = "<group>";
		};
		D84965332C1C30E500405656 /* Frameworks */ = {
			isa = PBXGroup;
			children = (
				D876E60D2C22BAB9004A6881 /* libSystem.tbd */,
				D876E60C2C22BAA9004A6881 /* libSystem.B.tbd */,
			);
			name = Frameworks;
			sourceTree = "<group>";
		};
		D849653D2C1D07AD00405656 /* Extensions */ = {
			isa = PBXGroup;
			children = (
				D8E31EB42C26E10900350082 /* Licensable.swift */,
				D874B0CB2DEE4EAE008E938D /* SisInstallError.swift */,
			);
			path = Extensions;
			sourceTree = "<group>";
		};
		D89071892C4B01FC00C11DE8 /* ScreenshotSIS */ = {
			isa = PBXGroup;
			children = (
				D890718A2C4B01FC00C11DE8 /* Command.swift */,
			);
			path = ScreenshotSIS;
			sourceTree = "<group>";
		};
		D8AB9C352DEE3A5C0087F13E /* Installer */ = {
			isa = PBXGroup;
			children = (
				D8DE6DF82DF0DACE00E39CE2 /* ReplaceQueryInstallerPage.swift */,
				D8D5E3762DEB858100FEFBE1 /* ConfigurationQueryInstallerPage.swift */,
				D8D3629A2DE7A23700DDDD19 /* InstallerPage.swift */,
				D8DECF452DE62874004DE55C /* InstallerView.swift */,
				D8AB9C332DEE3A1E0087F13E /* TextQueryInstallerPage.swift */,
			);
			path = Installer;
			sourceTree = "<group>";
		};
		D8AB9C362DEE3EF70087F13E /* Environment */ = {
			isa = PBXGroup;
			children = (
				D8AB9C372DEE3EFC0087F13E /* WindowProxy.swift */,
			);
			path = Environment;
			sourceTree = "<group>";
		};
		D8E31EB82C26E1CA00350082 /* Licenses */ = {
			isa = PBXGroup;
			children = (
				D8A8A80D2DE1A799007A657B /* apache-2.0-license */,
				D813FF142C26E869009CF0DC /* plptools-license */,
				D8E31EB92C26E1E400350082 /* reconnect-license */,
				D8FD72722C3D192F0038DB17 /* sparkle-license */,
			);
			path = Licenses;
			sourceTree = "<group>";
		};
		D8F1A59C2C4A4C9B00931C00 /* ReconnectMenu */ = {
			isa = PBXGroup;
			children = (
				D8F1A5A62C4A4C9C00931C00 /* ReconnectMenu.entitlements */,
				D8F1A59D2C4A4C9B00931C00 /* ReconnectMenuApp.swift */,
				D8F1A5A12C4A4C9C00931C00 /* Assets.xcassets */,
				D8F1A5BD2C4A543300931C00 /* Model */,
				D8F1A5A32C4A4C9C00931C00 /* Preview Content */,
				D80954632C4A57D400752BBC /* Views */,
			);
			path = ReconnectMenu;
			sourceTree = "<group>";
		};
		D8F1A5A32C4A4C9C00931C00 /* Preview Content */ = {
			isa = PBXGroup;
			children = (
				D8F1A5A42C4A4C9C00931C00 /* Preview Assets.xcassets */,
			);
			path = "Preview Content";
			sourceTree = "<group>";
		};
		D8F1A5BD2C4A543300931C00 /* Model */ = {
			isa = PBXGroup;
			children = (
				D8F1A5AF2C4A4EBC00931C00 /* ApplicationModel.swift */,
			);
			path = Model;
			sourceTree = "<group>";
		};
/* End PBXGroup section */

/* Begin PBXNativeTarget section */
		D84964D52C1BFCB600405656 /* Reconnect */ = {
			isa = PBXNativeTarget;
			buildConfigurationList = D84964FB2C1BFCB700405656 /* Build configuration list for PBXNativeTarget "Reconnect" */;
			buildPhases = (
				D84964D22C1BFCB600405656 /* Sources */,
				D84964D32C1BFCB600405656 /* Frameworks */,
				D809546A2C4AAA4A00752BBC /* CopyFiles */,
				D84964D42C1BFCB600405656 /* Resources */,
			);
			buildRules = (
			);
			dependencies = (
				D809546D2C4AAC7F00752BBC /* PBXTargetDependency */,
			);
			fileSystemSynchronizedGroups = (
				D83BD9672DE863220075902D /* Resources */,
			);
			name = Reconnect;
			packageProductDependencies = (
				D8D3E79E2C2540D9003E696D /* Interact */,
				D8E31EB22C26E09500350082 /* Diligence */,
				D88FA14D2C2CE0FA00805DBD /* Sparkle */,
				D8CBAC642C4A02580035FC3D /* ReconnectCore */,
				D8AE29A72CA25A9800116439 /* PsionSoftwareIndex */,
				D8A8A8072DE19312007A657B /* Algorithms */,
				D83BD9652DE862AB0075902D /* SwiftyGif */,
				D83BD96D2DE86C100075902D /* SSSwiftUIGIFView */,
			);
			productName = PsiMac;
			productReference = D84964D62C1BFCB600405656 /* Reconnect.app */;
			productType = "com.apple.product-type.application";
		};
		D84964E62C1BFCB700405656 /* ReconnectTests */ = {
			isa = PBXNativeTarget;
			buildConfigurationList = D84964FE2C1BFCB700405656 /* Build configuration list for PBXNativeTarget "ReconnectTests" */;
			buildPhases = (
				D84964E32C1BFCB700405656 /* Sources */,
				D84964E42C1BFCB700405656 /* Frameworks */,
				D84964E52C1BFCB700405656 /* Resources */,
			);
			buildRules = (
			);
			dependencies = (
				D84964E92C1BFCB700405656 /* PBXTargetDependency */,
			);
			name = ReconnectTests;
			productName = PsiMacTests;
			productReference = D84964E72C1BFCB700405656 /* ReconnectTests.xctest */;
			productType = "com.apple.product-type.bundle.unit-test";
		};
		D84964F02C1BFCB700405656 /* ReconnectUITests */ = {
			isa = PBXNativeTarget;
			buildConfigurationList = D84965012C1BFCB700405656 /* Build configuration list for PBXNativeTarget "ReconnectUITests" */;
			buildPhases = (
				D84964ED2C1BFCB700405656 /* Sources */,
				D84964EE2C1BFCB700405656 /* Frameworks */,
				D84964EF2C1BFCB700405656 /* Resources */,
			);
			buildRules = (
			);
			dependencies = (
				D84964F32C1BFCB700405656 /* PBXTargetDependency */,
			);
			name = ReconnectUITests;
			productName = PsiMacUITests;
			productReference = D84964F12C1BFCB700405656 /* ReconnectUITests.xctest */;
			productType = "com.apple.product-type.bundle.ui-testing";
		};
		D89071872C4B01FC00C11DE8 /* screenshot-sis */ = {
			isa = PBXNativeTarget;
			buildConfigurationList = D890718E2C4B01FC00C11DE8 /* Build configuration list for PBXNativeTarget "screenshot-sis" */;
			buildPhases = (
				D89071842C4B01FC00C11DE8 /* Sources */,
				D89071852C4B01FC00C11DE8 /* Frameworks */,
				D89071862C4B01FC00C11DE8 /* CopyFiles */,
			);
			buildRules = (
			);
			dependencies = (
			);
			name = "screenshot-sis";
			packageProductDependencies = (
				D89071902C4B025D00C11DE8 /* ArgumentParser */,
				D89071922C4B02D900C11DE8 /* ReconnectCore */,
			);
			productName = ScreenshotSIS;
			productReference = D89071882C4B01FC00C11DE8 /* screenshot-sis */;
			productType = "com.apple.product-type.tool";
		};
		D8F1A59A2C4A4C9B00931C00 /* Reconnect Menu */ = {
			isa = PBXNativeTarget;
			buildConfigurationList = D8F1A5A92C4A4C9C00931C00 /* Build configuration list for PBXNativeTarget "Reconnect Menu" */;
			buildPhases = (
				D8F1A5972C4A4C9B00931C00 /* Sources */,
				D8F1A5982C4A4C9B00931C00 /* Frameworks */,
				D8F1A5992C4A4C9B00931C00 /* Resources */,
			);
			buildRules = (
			);
			dependencies = (
			);
			name = "Reconnect Menu";
			packageProductDependencies = (
				D8F1A5B72C4A4F8000931C00 /* Interact */,
				D8068F6E2C4AFCF4004177F6 /* ReconnectCore */,
			);
			productName = "Reconnect Menu";
			productReference = D8F1A59B2C4A4C9B00931C00 /* Reconnect Menu.app */;
			productType = "com.apple.product-type.application";
		};
/* End PBXNativeTarget section */

/* Begin PBXProject section */
		D84964CE2C1BFCB600405656 /* Project object */ = {
			isa = PBXProject;
			attributes = {
				BuildIndependentTargetsInParallel = 1;
				LastSwiftUpdateCheck = 1540;
				LastUpgradeCheck = 1600;
				TargetAttributes = {
					D84964D52C1BFCB600405656 = {
						CreatedOnToolsVersion = 15.4;
						LastSwiftMigration = 1540;
					};
					D84964E62C1BFCB700405656 = {
						CreatedOnToolsVersion = 15.4;
						TestTargetID = D84964D52C1BFCB600405656;
					};
					D84964F02C1BFCB700405656 = {
						CreatedOnToolsVersion = 15.4;
						TestTargetID = D84964D52C1BFCB600405656;
					};
					D89071872C4B01FC00C11DE8 = {
						CreatedOnToolsVersion = 15.4;
					};
					D8F1A59A2C4A4C9B00931C00 = {
						CreatedOnToolsVersion = 15.4;
					};
				};
			};
			buildConfigurationList = D84964D12C1BFCB600405656 /* Build configuration list for PBXProject "Reconnect" */;
			compatibilityVersion = "Xcode 14.0";
			developmentRegion = en;
			hasScannedForEncodings = 0;
			knownRegions = (
				en,
				Base,
			);
			mainGroup = D84964CD2C1BFCB600405656;
			packageReferences = (
				D8D3E79B2C25405A003E696D /* XCLocalSwiftPackageReference "dependencies/interact" */,
				D8E31EB12C26E09500350082 /* XCLocalSwiftPackageReference "dependencies/diligence" */,
				D88FA14C2C2CE0FA00805DBD /* XCRemoteSwiftPackageReference "Sparkle" */,
				D890718F2C4B025D00C11DE8 /* XCRemoteSwiftPackageReference "swift-argument-parser" */,
				D8AE29A62CA25A9800116439 /* XCLocalSwiftPackageReference "dependencies/PsionSoftwareIndexSwift" */,
				D8A8A8062DE19312007A657B /* XCRemoteSwiftPackageReference "swift-algorithms" */,
				D83BD9642DE862AB0075902D /* XCRemoteSwiftPackageReference "SwiftyGif" */,
				D83BD96C2DE86C100075902D /* XCRemoteSwiftPackageReference "SSSwiftUIGIFView" */,
			);
			productRefGroup = D84964D72C1BFCB600405656 /* Products */;
			projectDirPath = "";
			projectRoot = "";
			targets = (
				D84964D52C1BFCB600405656 /* Reconnect */,
				D84964E62C1BFCB700405656 /* ReconnectTests */,
				D84964F02C1BFCB700405656 /* ReconnectUITests */,
				D8F1A59A2C4A4C9B00931C00 /* Reconnect Menu */,
				D89071872C4B01FC00C11DE8 /* screenshot-sis */,
			);
		};
/* End PBXProject section */

/* Begin PBXResourcesBuildPhase section */
		D84964D42C1BFCB600405656 /* Resources */ = {
			isa = PBXResourcesBuildPhase;
			buildActionMask = 2147483647;
			files = (
				D8E8B4FE2D1529E800405445 /* src in Resources */,
				D84964E12C1BFCB700405656 /* Preview Assets.xcassets in Resources */,
				D813FF152C26E869009CF0DC /* plptools-license in Resources */,
				D84964DE2C1BFCB700405656 /* Assets.xcassets in Resources */,
				D8FD72732C3D192F0038DB17 /* sparkle-license in Resources */,
				D8D362992DE79CB000DDDD19 /* Localizable.strings in Resources */,
				D8E31EBA2C26E1E400350082 /* reconnect-license in Resources */,
				D8A8A80E2DE1A7A0007A657B /* apache-2.0-license in Resources */,
			);
			runOnlyForDeploymentPostprocessing = 0;
		};
		D84964E52C1BFCB700405656 /* Resources */ = {
			isa = PBXResourcesBuildPhase;
			buildActionMask = 2147483647;
			files = (
			);
			runOnlyForDeploymentPostprocessing = 0;
		};
		D84964EF2C1BFCB700405656 /* Resources */ = {
			isa = PBXResourcesBuildPhase;
			buildActionMask = 2147483647;
			files = (
			);
			runOnlyForDeploymentPostprocessing = 0;
		};
		D8F1A5992C4A4C9B00931C00 /* Resources */ = {
			isa = PBXResourcesBuildPhase;
			buildActionMask = 2147483647;
			files = (
				D8F1A5A52C4A4C9C00931C00 /* Preview Assets.xcassets in Resources */,
				D8F1A5A22C4A4C9C00931C00 /* Assets.xcassets in Resources */,
			);
			runOnlyForDeploymentPostprocessing = 0;
		};
/* End PBXResourcesBuildPhase section */

/* Begin PBXSourcesBuildPhase section */
		D84964D22C1BFCB600405656 /* Sources */ = {
			isa = PBXSourcesBuildPhase;
			buildActionMask = 2147483647;
			files = (
				D820123F2DE1170700854FE9 /* HelpCommands.swift in Sources */,
				D83A786A2C3C80C9000E8192 /* FileTypePopover.swift in Sources */,
				D8068F722C4AFF29004177F6 /* BrowserWindow.swift in Sources */,
				D8631DAF2C373A1600344DC3 /* TransferRow.swift in Sources */,
				D83658BB2C29A09300B45693 /* HistoryItemView.swift in Sources */,
				D8E31EB52C26E10900350082 /* Licensable.swift in Sources */,
				D8E2325C2DE1117800879866 /* FileConverter.swift in Sources */,
				D886DA742C28CDAD00E84BDA /* BrowserView.swift in Sources */,
				D8DC357F2E0F37C700471D7D /* NavigationCommands.swift in Sources */,
				D8AB7ED32D0AA1140076E19F /* FileReference.swift in Sources */,
				D8A8A80A2DE1A095007A657B /* EditableText.swift in Sources */,
				D8D5E3772DEB858500FEFBE1 /* ConfigurationQueryInstallerPage.swift in Sources */,
				D83B4DE12C2F99C3003C3DC1 /* CheckForUpdatesViewModel.swift in Sources */,
				D8A8A80C2DE1A0B6007A657B /* EditableTextModel.swift in Sources */,
				D8AB9C342DEE3A230087F13E /* TextQueryInstallerPage.swift in Sources */,
				D8FFE85F2C49F2FB001F7D8A /* TransfersWindow.swift in Sources */,
				D8AC642E2D0D5B4D0085306B /* PixelImage.swift in Sources */,
				D83658B92C298C4F00B45693 /* NavigationHistory.swift in Sources */,
				D874B0CC2DEE4EB1008E938D /* SisInstallError.swift in Sources */,
				D8DECF462DE62876004DE55C /* InstallerView.swift in Sources */,
				D8631DAB2C36867400344DC3 /* BrowserDetailView.swift in Sources */,
				D8184C472C253C59008FA79B /* ApplicationModel.swift in Sources */,
				D83BD9772DE8F4B40075902D /* NSInstallerWindow.swift in Sources */,
				D8631DB32C374B4400344DC3 /* TransfersModel.swift in Sources */,
				D8981E422DE3B03F003CBCF0 /* BrowserCommands.swift in Sources */,
				D8DECF482DE62890004DE55C /* InstallerModel.swift in Sources */,
				D83BD9752DE8E2390075902D /* AnimagedImage.swift in Sources */,
				D89B5E8E2C2AA8680014A5B6 /* Sidebar.swift in Sources */,
				D886DA762C29343900E84BDA /* BrowserModel.swift in Sources */,
				D8D3629B2DE7A23900DDDD19 /* InstallerPage.swift in Sources */,
				D8981E442DE3B14F003CBCF0 /* SparkleCommands.swift in Sources */,
				D83B4DDF2C2F9995003C3DC1 /* CheckForUpdatesView.swift in Sources */,
				D8DE6DF92DF0DACF00E39CE2 /* ReplaceQueryInstallerPage.swift in Sources */,
				D8631DB12C374B0A00344DC3 /* Transfer.swift in Sources */,
				D84964DA2C1BFCB600405656 /* ReconnectApp.swift in Sources */,
				D8631DB52C374F8700344DC3 /* TransfersView.swift in Sources */,
				D83BD9792DE914B40075902D /* AppDelegate.swift in Sources */,
				D8AB9C382DEE3EFE0087F13E /* WindowProxy.swift in Sources */,
				D8AC642C2D0D58970085306B /* ThumbnailView.swift in Sources */,
			);
			runOnlyForDeploymentPostprocessing = 0;
		};
		D84964E32C1BFCB700405656 /* Sources */ = {
			isa = PBXSourcesBuildPhase;
			buildActionMask = 2147483647;
			files = (
				D8631DB92C375F2400344DC3 /* WindowsPathTests.swift in Sources */,
				D83658B72C29596F00B45693 /* NavigationHistoryTests.swift in Sources */,
				D84964EC2C1BFCB700405656 /* ReconnectTests.swift in Sources */,
			);
			runOnlyForDeploymentPostprocessing = 0;
		};
		D84964ED2C1BFCB700405656 /* Sources */ = {
			isa = PBXSourcesBuildPhase;
			buildActionMask = 2147483647;
			files = (
				D84964F62C1BFCB700405656 /* ReconnectUITests.swift in Sources */,
				D84964F82C1BFCB700405656 /* ReconnectUITestsLaunchTests.swift in Sources */,
			);
			runOnlyForDeploymentPostprocessing = 0;
		};
		D89071842C4B01FC00C11DE8 /* Sources */ = {
			isa = PBXSourcesBuildPhase;
			buildActionMask = 2147483647;
			files = (
				D890718B2C4B01FC00C11DE8 /* Command.swift in Sources */,
			);
			runOnlyForDeploymentPostprocessing = 0;
		};
		D8F1A5972C4A4C9B00931C00 /* Sources */ = {
			isa = PBXSourcesBuildPhase;
			buildActionMask = 2147483647;
			files = (
				D8F1A5AD2C4A4E6E00931C00 /* MainMenu.swift in Sources */,
				D8F1A5B02C4A4EBC00931C00 /* ApplicationModel.swift in Sources */,
				D8F1A59E2C4A4C9B00931C00 /* ReconnectMenuApp.swift in Sources */,
			);
			runOnlyForDeploymentPostprocessing = 0;
		};
/* End PBXSourcesBuildPhase section */

/* Begin PBXTargetDependency section */
		D809546D2C4AAC7F00752BBC /* PBXTargetDependency */ = {
			isa = PBXTargetDependency;
			target = D8F1A59A2C4A4C9B00931C00 /* Reconnect Menu */;
			targetProxy = D809546C2C4AAC7F00752BBC /* PBXContainerItemProxy */;
		};
		D84964E92C1BFCB700405656 /* PBXTargetDependency */ = {
			isa = PBXTargetDependency;
			target = D84964D52C1BFCB600405656 /* Reconnect */;
			targetProxy = D84964E82C1BFCB700405656 /* PBXContainerItemProxy */;
		};
		D84964F32C1BFCB700405656 /* PBXTargetDependency */ = {
			isa = PBXTargetDependency;
			target = D84964D52C1BFCB600405656 /* Reconnect */;
			targetProxy = D84964F22C1BFCB700405656 /* PBXContainerItemProxy */;
		};
/* End PBXTargetDependency section */

/* Begin PBXVariantGroup section */
		D8D362972DE79CB000DDDD19 /* Localizable.strings */ = {
			isa = PBXVariantGroup;
			children = (
				D8D362982DE79CB000DDDD19 /* en */,
			);
			name = Localizable.strings;
			sourceTree = "<group>";
		};
/* End PBXVariantGroup section */

/* Begin XCBuildConfiguration section */
		D84964F92C1BFCB700405656 /* Debug */ = {
			isa = XCBuildConfiguration;
			buildSettings = {
				ALWAYS_SEARCH_USER_PATHS = NO;
				ASSETCATALOG_COMPILER_GENERATE_SWIFT_ASSET_SYMBOL_EXTENSIONS = YES;
				CLANG_ANALYZER_NONNULL = YES;
				CLANG_ANALYZER_NUMBER_OBJECT_CONVERSION = YES_AGGRESSIVE;
				CLANG_CXX_LANGUAGE_STANDARD = "gnu++20";
				CLANG_ENABLE_MODULES = YES;
				CLANG_ENABLE_OBJC_ARC = YES;
				CLANG_ENABLE_OBJC_WEAK = YES;
				CLANG_WARN_BLOCK_CAPTURE_AUTORELEASING = YES;
				CLANG_WARN_BOOL_CONVERSION = YES;
				CLANG_WARN_COMMA = YES;
				CLANG_WARN_CONSTANT_CONVERSION = YES;
				CLANG_WARN_DEPRECATED_OBJC_IMPLEMENTATIONS = YES;
				CLANG_WARN_DIRECT_OBJC_ISA_USAGE = YES_ERROR;
				CLANG_WARN_DOCUMENTATION_COMMENTS = YES;
				CLANG_WARN_EMPTY_BODY = YES;
				CLANG_WARN_ENUM_CONVERSION = YES;
				CLANG_WARN_INFINITE_RECURSION = YES;
				CLANG_WARN_INT_CONVERSION = YES;
				CLANG_WARN_NON_LITERAL_NULL_CONVERSION = YES;
				CLANG_WARN_OBJC_IMPLICIT_RETAIN_SELF = YES;
				CLANG_WARN_OBJC_LITERAL_CONVERSION = YES;
				CLANG_WARN_OBJC_ROOT_CLASS = YES_ERROR;
				CLANG_WARN_QUOTED_INCLUDE_IN_FRAMEWORK_HEADER = YES;
				CLANG_WARN_RANGE_LOOP_ANALYSIS = YES;
				CLANG_WARN_STRICT_PROTOTYPES = YES;
				CLANG_WARN_SUSPICIOUS_MOVE = YES;
				CLANG_WARN_UNGUARDED_AVAILABILITY = YES_AGGRESSIVE;
				CLANG_WARN_UNREACHABLE_CODE = YES;
				CLANG_WARN__DUPLICATE_METHOD_MATCH = YES;
				COPY_PHASE_STRIP = NO;
				DEAD_CODE_STRIPPING = YES;
				DEBUG_INFORMATION_FORMAT = dwarf;
				ENABLE_STRICT_OBJC_MSGSEND = YES;
				ENABLE_TESTABILITY = YES;
				ENABLE_USER_SCRIPT_SANDBOXING = YES;
				GCC_C_LANGUAGE_STANDARD = gnu17;
				GCC_DYNAMIC_NO_PIC = NO;
				GCC_NO_COMMON_BLOCKS = YES;
				GCC_OPTIMIZATION_LEVEL = 0;
				GCC_PREPROCESSOR_DEFINITIONS = (
					"DEBUG=1",
					"$(inherited)",
				);
				GCC_WARN_64_TO_32_BIT_CONVERSION = YES;
				GCC_WARN_ABOUT_RETURN_TYPE = YES_ERROR;
				GCC_WARN_UNDECLARED_SELECTOR = YES;
				GCC_WARN_UNINITIALIZED_AUTOS = YES_AGGRESSIVE;
				GCC_WARN_UNUSED_FUNCTION = YES;
				GCC_WARN_UNUSED_VARIABLE = YES;
				LOCALIZATION_PREFERS_STRING_CATALOGS = YES;
				MACOSX_DEPLOYMENT_TARGET = 14.5;
				MTL_ENABLE_DEBUG_INFO = INCLUDE_SOURCE;
				MTL_FAST_MATH = YES;
				ONLY_ACTIVE_ARCH = YES;
				SDKROOT = macosx;
				SWIFT_ACTIVE_COMPILATION_CONDITIONS = "DEBUG $(inherited)";
				SWIFT_OBJC_INTEROP_MODE = objcxx;
				SWIFT_OPTIMIZATION_LEVEL = "-Onone";
			};
			name = Debug;
		};
		D84964FA2C1BFCB700405656 /* Release */ = {
			isa = XCBuildConfiguration;
			buildSettings = {
				ALWAYS_SEARCH_USER_PATHS = NO;
				ASSETCATALOG_COMPILER_GENERATE_SWIFT_ASSET_SYMBOL_EXTENSIONS = YES;
				CLANG_ANALYZER_NONNULL = YES;
				CLANG_ANALYZER_NUMBER_OBJECT_CONVERSION = YES_AGGRESSIVE;
				CLANG_CXX_LANGUAGE_STANDARD = "gnu++20";
				CLANG_ENABLE_MODULES = YES;
				CLANG_ENABLE_OBJC_ARC = YES;
				CLANG_ENABLE_OBJC_WEAK = YES;
				CLANG_WARN_BLOCK_CAPTURE_AUTORELEASING = YES;
				CLANG_WARN_BOOL_CONVERSION = YES;
				CLANG_WARN_COMMA = YES;
				CLANG_WARN_CONSTANT_CONVERSION = YES;
				CLANG_WARN_DEPRECATED_OBJC_IMPLEMENTATIONS = YES;
				CLANG_WARN_DIRECT_OBJC_ISA_USAGE = YES_ERROR;
				CLANG_WARN_DOCUMENTATION_COMMENTS = YES;
				CLANG_WARN_EMPTY_BODY = YES;
				CLANG_WARN_ENUM_CONVERSION = YES;
				CLANG_WARN_INFINITE_RECURSION = YES;
				CLANG_WARN_INT_CONVERSION = YES;
				CLANG_WARN_NON_LITERAL_NULL_CONVERSION = YES;
				CLANG_WARN_OBJC_IMPLICIT_RETAIN_SELF = YES;
				CLANG_WARN_OBJC_LITERAL_CONVERSION = YES;
				CLANG_WARN_OBJC_ROOT_CLASS = YES_ERROR;
				CLANG_WARN_QUOTED_INCLUDE_IN_FRAMEWORK_HEADER = YES;
				CLANG_WARN_RANGE_LOOP_ANALYSIS = YES;
				CLANG_WARN_STRICT_PROTOTYPES = YES;
				CLANG_WARN_SUSPICIOUS_MOVE = YES;
				CLANG_WARN_UNGUARDED_AVAILABILITY = YES_AGGRESSIVE;
				CLANG_WARN_UNREACHABLE_CODE = YES;
				CLANG_WARN__DUPLICATE_METHOD_MATCH = YES;
				COPY_PHASE_STRIP = NO;
				DEAD_CODE_STRIPPING = YES;
				DEBUG_INFORMATION_FORMAT = "dwarf-with-dsym";
				ENABLE_NS_ASSERTIONS = NO;
				ENABLE_STRICT_OBJC_MSGSEND = YES;
				ENABLE_USER_SCRIPT_SANDBOXING = YES;
				GCC_C_LANGUAGE_STANDARD = gnu17;
				GCC_NO_COMMON_BLOCKS = YES;
				GCC_WARN_64_TO_32_BIT_CONVERSION = YES;
				GCC_WARN_ABOUT_RETURN_TYPE = YES_ERROR;
				GCC_WARN_UNDECLARED_SELECTOR = YES;
				GCC_WARN_UNINITIALIZED_AUTOS = YES_AGGRESSIVE;
				GCC_WARN_UNUSED_FUNCTION = YES;
				GCC_WARN_UNUSED_VARIABLE = YES;
				LOCALIZATION_PREFERS_STRING_CATALOGS = YES;
				MACOSX_DEPLOYMENT_TARGET = 14.5;
				MTL_ENABLE_DEBUG_INFO = NO;
				MTL_FAST_MATH = YES;
				SDKROOT = macosx;
				SWIFT_COMPILATION_MODE = wholemodule;
				SWIFT_OBJC_INTEROP_MODE = objcxx;
			};
			name = Release;
		};
		D84964FC2C1BFCB700405656 /* Debug */ = {
			isa = XCBuildConfiguration;
			buildSettings = {
				ASSETCATALOG_COMPILER_APPICON_NAME = AppIcon;
				ASSETCATALOG_COMPILER_GLOBAL_ACCENT_COLOR_NAME = AccentColor;
				CLANG_CXX_LANGUAGE_STANDARD = "gnu++0x";
				CLANG_ENABLE_MODULES = YES;
				CODE_SIGN_ENTITLEMENTS = Reconnect/Reconnect.entitlements;
				CODE_SIGN_STYLE = Automatic;
				COMBINE_HIDPI_IMAGES = YES;
				CURRENT_PROJECT_VERSION = 1;
				DEAD_CODE_STRIPPING = YES;
				DEVELOPMENT_ASSET_PATHS = "\"Reconnect/Preview Content\"";
				DEVELOPMENT_TEAM = QS82QFHKWB;
				ENABLE_HARDENED_RUNTIME = YES;
				ENABLE_PREVIEWS = YES;
				GENERATE_INFOPLIST_FILE = YES;
				INFOPLIST_FILE = Reconnect/Info.plist;
				INFOPLIST_KEY_ITSAppUsesNonExemptEncryption = NO;
				INFOPLIST_KEY_LSApplicationCategoryType = "public.app-category.utilities";
				INFOPLIST_KEY_NSHumanReadableCopyright = "";
				LD_RUNPATH_SEARCH_PATHS = (
					"$(inherited)",
					"@executable_path/../Frameworks",
				);
				MARKETING_VERSION = 1.0;
				PRODUCT_BUNDLE_IDENTIFIER = uk.co.jbmorley.reconnect.apps.apple;
				PRODUCT_NAME = "$(TARGET_NAME)";
				SWIFT_EMIT_LOC_STRINGS = YES;
				SWIFT_OPTIMIZATION_LEVEL = "-Onone";
				SWIFT_VERSION = 5.0;
			};
			name = Debug;
		};
		D84964FD2C1BFCB700405656 /* Release */ = {
			isa = XCBuildConfiguration;
			buildSettings = {
				ASSETCATALOG_COMPILER_APPICON_NAME = AppIcon;
				ASSETCATALOG_COMPILER_GLOBAL_ACCENT_COLOR_NAME = AccentColor;
				CLANG_CXX_LANGUAGE_STANDARD = "gnu++0x";
				CLANG_ENABLE_MODULES = YES;
				CODE_SIGN_ENTITLEMENTS = Reconnect/Reconnect.entitlements;
				"CODE_SIGN_IDENTITY[sdk=macosx*]" = "Developer ID Application";
				CODE_SIGN_STYLE = Manual;
				COMBINE_HIDPI_IMAGES = YES;
				CURRENT_PROJECT_VERSION = 1;
				DEAD_CODE_STRIPPING = YES;
				DEVELOPMENT_ASSET_PATHS = "\"Reconnect/Preview Content\"";
				DEVELOPMENT_TEAM = "";
				"DEVELOPMENT_TEAM[sdk=macosx*]" = QS82QFHKWB;
				ENABLE_HARDENED_RUNTIME = YES;
				ENABLE_PREVIEWS = YES;
				GENERATE_INFOPLIST_FILE = YES;
				INFOPLIST_FILE = Reconnect/Info.plist;
				INFOPLIST_KEY_ITSAppUsesNonExemptEncryption = NO;
				INFOPLIST_KEY_LSApplicationCategoryType = "public.app-category.utilities";
				INFOPLIST_KEY_NSHumanReadableCopyright = "";
				LD_RUNPATH_SEARCH_PATHS = (
					"$(inherited)",
					"@executable_path/../Frameworks",
				);
				MARKETING_VERSION = 1.0;
				PRODUCT_BUNDLE_IDENTIFIER = uk.co.jbmorley.reconnect.apps.apple;
				PRODUCT_NAME = "$(TARGET_NAME)";
				PROVISIONING_PROFILE_SPECIFIER = "";
				"PROVISIONING_PROFILE_SPECIFIER[sdk=macosx*]" = "Reconnect Developer ID Profile";
				SWIFT_EMIT_LOC_STRINGS = YES;
				SWIFT_VERSION = 5.0;
			};
			name = Release;
		};
		D84964FF2C1BFCB700405656 /* Debug */ = {
			isa = XCBuildConfiguration;
			buildSettings = {
				BUNDLE_LOADER = "$(TEST_HOST)";
				CODE_SIGN_STYLE = Automatic;
				CURRENT_PROJECT_VERSION = 1;
				DEAD_CODE_STRIPPING = YES;
				DEVELOPMENT_TEAM = QS82QFHKWB;
				GENERATE_INFOPLIST_FILE = YES;
				MACOSX_DEPLOYMENT_TARGET = 14.5;
				MARKETING_VERSION = 1.0;
				PRODUCT_BUNDLE_IDENTIFIER = uk.co.jbmorley.PsiMacTests;
				PRODUCT_NAME = "$(TARGET_NAME)";
				SWIFT_EMIT_LOC_STRINGS = NO;
				SWIFT_VERSION = 5.0;
				TEST_HOST = "$(BUILT_PRODUCTS_DIR)/Reconnect.app/$(BUNDLE_EXECUTABLE_FOLDER_PATH)/Reconnect";
			};
			name = Debug;
		};
		D84965002C1BFCB700405656 /* Release */ = {
			isa = XCBuildConfiguration;
			buildSettings = {
				BUNDLE_LOADER = "$(TEST_HOST)";
				CODE_SIGN_STYLE = Automatic;
				CURRENT_PROJECT_VERSION = 1;
				DEAD_CODE_STRIPPING = YES;
				DEVELOPMENT_TEAM = QS82QFHKWB;
				GENERATE_INFOPLIST_FILE = YES;
				MACOSX_DEPLOYMENT_TARGET = 14.5;
				MARKETING_VERSION = 1.0;
				PRODUCT_BUNDLE_IDENTIFIER = uk.co.jbmorley.PsiMacTests;
				PRODUCT_NAME = "$(TARGET_NAME)";
				SWIFT_EMIT_LOC_STRINGS = NO;
				SWIFT_VERSION = 5.0;
				TEST_HOST = "$(BUILT_PRODUCTS_DIR)/Reconnect.app/$(BUNDLE_EXECUTABLE_FOLDER_PATH)/Reconnect";
			};
			name = Release;
		};
		D84965022C1BFCB700405656 /* Debug */ = {
			isa = XCBuildConfiguration;
			buildSettings = {
				CODE_SIGN_STYLE = Automatic;
				CURRENT_PROJECT_VERSION = 1;
				DEAD_CODE_STRIPPING = YES;
				DEVELOPMENT_TEAM = QS82QFHKWB;
				GENERATE_INFOPLIST_FILE = YES;
				MARKETING_VERSION = 1.0;
				PRODUCT_BUNDLE_IDENTIFIER = uk.co.jbmorley.PsiMacUITests;
				PRODUCT_NAME = "$(TARGET_NAME)";
				SWIFT_EMIT_LOC_STRINGS = NO;
				SWIFT_VERSION = 5.0;
				TEST_TARGET_NAME = Reconnect;
			};
			name = Debug;
		};
		D84965032C1BFCB700405656 /* Release */ = {
			isa = XCBuildConfiguration;
			buildSettings = {
				CODE_SIGN_STYLE = Automatic;
				CURRENT_PROJECT_VERSION = 1;
				DEAD_CODE_STRIPPING = YES;
				DEVELOPMENT_TEAM = QS82QFHKWB;
				GENERATE_INFOPLIST_FILE = YES;
				MARKETING_VERSION = 1.0;
				PRODUCT_BUNDLE_IDENTIFIER = uk.co.jbmorley.PsiMacUITests;
				PRODUCT_NAME = "$(TARGET_NAME)";
				SWIFT_EMIT_LOC_STRINGS = NO;
				SWIFT_VERSION = 5.0;
				TEST_TARGET_NAME = Reconnect;
			};
			name = Release;
		};
		D890718C2C4B01FC00C11DE8 /* Debug */ = {
			isa = XCBuildConfiguration;
			buildSettings = {
				CODE_SIGN_STYLE = Automatic;
				DEAD_CODE_STRIPPING = YES;
				DEVELOPMENT_TEAM = QS82QFHKWB;
				ENABLE_HARDENED_RUNTIME = YES;
				PRODUCT_NAME = "$(TARGET_NAME)";
				SWIFT_VERSION = 5.0;
			};
			name = Debug;
		};
		D890718D2C4B01FC00C11DE8 /* Release */ = {
			isa = XCBuildConfiguration;
			buildSettings = {
				CODE_SIGN_STYLE = Automatic;
				DEAD_CODE_STRIPPING = YES;
				DEVELOPMENT_TEAM = QS82QFHKWB;
				ENABLE_HARDENED_RUNTIME = YES;
				PRODUCT_NAME = "$(TARGET_NAME)";
				SWIFT_VERSION = 5.0;
			};
			name = Release;
		};
		D8F1A5A72C4A4C9C00931C00 /* Debug */ = {
			isa = XCBuildConfiguration;
			buildSettings = {
				ASSETCATALOG_COMPILER_APPICON_NAME = AppIcon;
				ASSETCATALOG_COMPILER_GLOBAL_ACCENT_COLOR_NAME = AccentColor;
				CODE_SIGN_ENTITLEMENTS = ReconnectMenu/ReconnectMenu.entitlements;
				CODE_SIGN_STYLE = Automatic;
				COMBINE_HIDPI_IMAGES = YES;
				CURRENT_PROJECT_VERSION = 1;
				DEAD_CODE_STRIPPING = YES;
				DEVELOPMENT_ASSET_PATHS = "\"ReconnectMenu/Preview Content\"";
				DEVELOPMENT_TEAM = QS82QFHKWB;
				ENABLE_HARDENED_RUNTIME = YES;
				ENABLE_PREVIEWS = YES;
				GENERATE_INFOPLIST_FILE = YES;
				INFOPLIST_KEY_LSUIElement = YES;
				INFOPLIST_KEY_NSHumanReadableCopyright = "";
				LD_RUNPATH_SEARCH_PATHS = (
					"$(inherited)",
					"@executable_path/../Frameworks",
				);
				MARKETING_VERSION = 1.0;
				PRODUCT_BUNDLE_IDENTIFIER = uk.co.jbmorley.reconnect.apps.apple.menu;
				PRODUCT_NAME = "$(TARGET_NAME)";
				SKIP_INSTALL = YES;
				SWIFT_EMIT_LOC_STRINGS = YES;
				SWIFT_VERSION = 5.0;
			};
			name = Debug;
		};
		D8F1A5A82C4A4C9C00931C00 /* Release */ = {
			isa = XCBuildConfiguration;
			buildSettings = {
				ASSETCATALOG_COMPILER_APPICON_NAME = AppIcon;
				ASSETCATALOG_COMPILER_GLOBAL_ACCENT_COLOR_NAME = AccentColor;
				CODE_SIGN_ENTITLEMENTS = ReconnectMenu/ReconnectMenu.entitlements;
				"CODE_SIGN_IDENTITY[sdk=macosx*]" = "Developer ID Application";
				CODE_SIGN_STYLE = Manual;
				COMBINE_HIDPI_IMAGES = YES;
				CURRENT_PROJECT_VERSION = 1;
				DEAD_CODE_STRIPPING = YES;
				DEVELOPMENT_ASSET_PATHS = "\"ReconnectMenu/Preview Content\"";
				DEVELOPMENT_TEAM = "";
				"DEVELOPMENT_TEAM[sdk=macosx*]" = QS82QFHKWB;
				ENABLE_HARDENED_RUNTIME = YES;
				ENABLE_PREVIEWS = YES;
				GENERATE_INFOPLIST_FILE = YES;
				INFOPLIST_KEY_LSUIElement = YES;
				INFOPLIST_KEY_NSHumanReadableCopyright = "";
				LD_RUNPATH_SEARCH_PATHS = (
					"$(inherited)",
					"@executable_path/../Frameworks",
				);
				MARKETING_VERSION = 1.0;
				PRODUCT_BUNDLE_IDENTIFIER = uk.co.jbmorley.reconnect.apps.apple.menu;
				PRODUCT_NAME = "$(TARGET_NAME)";
				PROVISIONING_PROFILE_SPECIFIER = "";
				"PROVISIONING_PROFILE_SPECIFIER[sdk=macosx*]" = "Reconnect Menu Developer ID Profile";
				SKIP_INSTALL = YES;
				SWIFT_EMIT_LOC_STRINGS = YES;
				SWIFT_VERSION = 5.0;
			};
			name = Release;
		};
/* End XCBuildConfiguration section */

/* Begin XCConfigurationList section */
		D84964D12C1BFCB600405656 /* Build configuration list for PBXProject "Reconnect" */ = {
			isa = XCConfigurationList;
			buildConfigurations = (
				D84964F92C1BFCB700405656 /* Debug */,
				D84964FA2C1BFCB700405656 /* Release */,
			);
			defaultConfigurationIsVisible = 0;
			defaultConfigurationName = Release;
		};
		D84964FB2C1BFCB700405656 /* Build configuration list for PBXNativeTarget "Reconnect" */ = {
			isa = XCConfigurationList;
			buildConfigurations = (
				D84964FC2C1BFCB700405656 /* Debug */,
				D84964FD2C1BFCB700405656 /* Release */,
			);
			defaultConfigurationIsVisible = 0;
			defaultConfigurationName = Release;
		};
		D84964FE2C1BFCB700405656 /* Build configuration list for PBXNativeTarget "ReconnectTests" */ = {
			isa = XCConfigurationList;
			buildConfigurations = (
				D84964FF2C1BFCB700405656 /* Debug */,
				D84965002C1BFCB700405656 /* Release */,
			);
			defaultConfigurationIsVisible = 0;
			defaultConfigurationName = Release;
		};
		D84965012C1BFCB700405656 /* Build configuration list for PBXNativeTarget "ReconnectUITests" */ = {
			isa = XCConfigurationList;
			buildConfigurations = (
				D84965022C1BFCB700405656 /* Debug */,
				D84965032C1BFCB700405656 /* Release */,
			);
			defaultConfigurationIsVisible = 0;
			defaultConfigurationName = Release;
		};
		D890718E2C4B01FC00C11DE8 /* Build configuration list for PBXNativeTarget "screenshot-sis" */ = {
			isa = XCConfigurationList;
			buildConfigurations = (
				D890718C2C4B01FC00C11DE8 /* Debug */,
				D890718D2C4B01FC00C11DE8 /* Release */,
			);
			defaultConfigurationIsVisible = 0;
			defaultConfigurationName = Release;
		};
		D8F1A5A92C4A4C9C00931C00 /* Build configuration list for PBXNativeTarget "Reconnect Menu" */ = {
			isa = XCConfigurationList;
			buildConfigurations = (
				D8F1A5A72C4A4C9C00931C00 /* Debug */,
				D8F1A5A82C4A4C9C00931C00 /* Release */,
			);
			defaultConfigurationIsVisible = 0;
			defaultConfigurationName = Release;
		};
/* End XCConfigurationList section */

/* Begin XCLocalSwiftPackageReference section */
		D8AE29A62CA25A9800116439 /* XCLocalSwiftPackageReference "dependencies/PsionSoftwareIndexSwift" */ = {
			isa = XCLocalSwiftPackageReference;
			relativePath = dependencies/PsionSoftwareIndexSwift;
		};
		D8D3E79B2C25405A003E696D /* XCLocalSwiftPackageReference "dependencies/interact" */ = {
			isa = XCLocalSwiftPackageReference;
			relativePath = dependencies/interact;
		};
		D8E31EB12C26E09500350082 /* XCLocalSwiftPackageReference "dependencies/diligence" */ = {
			isa = XCLocalSwiftPackageReference;
			relativePath = dependencies/diligence;
		};
/* End XCLocalSwiftPackageReference section */

/* Begin XCRemoteSwiftPackageReference section */
		D83BD9642DE862AB0075902D /* XCRemoteSwiftPackageReference "SwiftyGif" */ = {
			isa = XCRemoteSwiftPackageReference;
			repositoryURL = "https://github.com/alexiscreuzot/SwiftyGif.git";
			requirement = {
				kind = upToNextMajorVersion;
				minimumVersion = 5.4.5;
			};
		};
		D83BD96C2DE86C100075902D /* XCRemoteSwiftPackageReference "SSSwiftUIGIFView" */ = {
			isa = XCRemoteSwiftPackageReference;
			repositoryURL = "https://github.com/SimformSolutionsPvtLtd/SSSwiftUIGIFView.git";
			requirement = {
				kind = upToNextMajorVersion;
				minimumVersion = 2.0.0;
			};
		};
		D88FA14C2C2CE0FA00805DBD /* XCRemoteSwiftPackageReference "Sparkle" */ = {
			isa = XCRemoteSwiftPackageReference;
			repositoryURL = "https://github.com/sparkle-project/Sparkle";
			requirement = {
				kind = upToNextMajorVersion;
				minimumVersion = 2.6.3;
			};
		};
		D890718F2C4B025D00C11DE8 /* XCRemoteSwiftPackageReference "swift-argument-parser" */ = {
			isa = XCRemoteSwiftPackageReference;
			repositoryURL = "https://github.com/apple/swift-argument-parser.git";
			requirement = {
				kind = upToNextMajorVersion;
				minimumVersion = 1.5.0;
			};
		};
		D8A8A8062DE19312007A657B /* XCRemoteSwiftPackageReference "swift-algorithms" */ = {
			isa = XCRemoteSwiftPackageReference;
			repositoryURL = "https://github.com/apple/swift-algorithms.git";
			requirement = {
				kind = upToNextMajorVersion;
				minimumVersion = 1.2.1;
			};
		};
/* End XCRemoteSwiftPackageReference section */

/* Begin XCSwiftPackageProductDependency section */
		D8068F6E2C4AFCF4004177F6 /* ReconnectCore */ = {
			isa = XCSwiftPackageProductDependency;
			productName = ReconnectCore;
		};
		D83BD9652DE862AB0075902D /* SwiftyGif */ = {
			isa = XCSwiftPackageProductDependency;
			package = D83BD9642DE862AB0075902D /* XCRemoteSwiftPackageReference "SwiftyGif" */;
			productName = SwiftyGif;
		};
		D83BD96D2DE86C100075902D /* SSSwiftUIGIFView */ = {
			isa = XCSwiftPackageProductDependency;
			package = D83BD96C2DE86C100075902D /* XCRemoteSwiftPackageReference "SSSwiftUIGIFView" */;
			productName = SSSwiftUIGIFView;
		};
		D88FA14D2C2CE0FA00805DBD /* Sparkle */ = {
			isa = XCSwiftPackageProductDependency;
			package = D88FA14C2C2CE0FA00805DBD /* XCRemoteSwiftPackageReference "Sparkle" */;
			productName = Sparkle;
		};
		D89071902C4B025D00C11DE8 /* ArgumentParser */ = {
			isa = XCSwiftPackageProductDependency;
			package = D890718F2C4B025D00C11DE8 /* XCRemoteSwiftPackageReference "swift-argument-parser" */;
			productName = ArgumentParser;
		};
		D89071922C4B02D900C11DE8 /* ReconnectCore */ = {
			isa = XCSwiftPackageProductDependency;
			productName = ReconnectCore;
		};
		D8A8A8072DE19312007A657B /* Algorithms */ = {
			isa = XCSwiftPackageProductDependency;
			package = D8A8A8062DE19312007A657B /* XCRemoteSwiftPackageReference "swift-algorithms" */;
			productName = Algorithms;
		};
		D8AE29A72CA25A9800116439 /* PsionSoftwareIndex */ = {
			isa = XCSwiftPackageProductDependency;
			productName = PsionSoftwareIndex;
		};
		D8CBAC642C4A02580035FC3D /* ReconnectCore */ = {
			isa = XCSwiftPackageProductDependency;
			productName = ReconnectCore;
		};
		D8D3E79E2C2540D9003E696D /* Interact */ = {
			isa = XCSwiftPackageProductDependency;
			package = D8D3E79B2C25405A003E696D /* XCLocalSwiftPackageReference "dependencies/interact" */;
			productName = Interact;
		};
		D8E31EB22C26E09500350082 /* Diligence */ = {
			isa = XCSwiftPackageProductDependency;
			productName = Diligence;
		};
		D8F1A5B72C4A4F8000931C00 /* Interact */ = {
			isa = XCSwiftPackageProductDependency;
			package = D8D3E79B2C25405A003E696D /* XCLocalSwiftPackageReference "dependencies/interact" */;
			productName = Interact;
		};
/* End XCSwiftPackageProductDependency section */
	};
	rootObject = D84964CE2C1BFCB600405656 /* Project object */;
}
