{
  "originHash" : "9806d2d537295344b9e66597056d7a154af5e6e7eec4a07af701334eada4fe06",
  "pins" : [
    {
      "identity" : "diligence",
      "kind" : "remoteSourceControl",
      "location" : "https://github.com/inseven/diligence.git",
      "state" : {
        "revision" : "5faa62e7f528faa6aa2d1b5d022b78fe3698c62a",
        "version" : "2.0.1"
      }
    },
    {
      "identity" : "interact",
      "kind" : "remoteSourceControl",
      "location" : "https://github.com/inseven/interact.git",
      "state" : {
        "revision" : "f54eb2dcd05b40f02ecab721044d87049fbaca78",
        "version" : "3.10.7"
      }
    },
    {
      "identity" : "licensable",
      "kind" : "remoteSourceControl",
      "location" : "https://github.com/inseven/licensable",
      "state" : {
        "revision" : "71a2e900833316ea7bc8a29205c374a628be7784",
        "version" : "0.1.2"
      }
    }
  ],
  "version" : 3
}
