{
  "originHash" : "53aa8479c97ac82fab641401313f5fc31ae9b2d718a13102f7c7fdf90678a401",
  "pins" : [
    {
      "identity" : "diligence",
      "kind" : "remoteSourceControl",
      "location" : "https://github.com/inseven/diligence.git",
      "state" : {
        "revision" : "5faa62e7f528faa6aa2d1b5d022b78fe3698c62a",
        "version" : "2.0.1"
      }
    },
    {
      "identity" : "licensable",
      "kind" : "remoteSourceControl",
      "location" : "https://github.com/inseven/licensable",
      "state" : {
        "revision" : "71a2e900833316ea7bc8a29205c374a628be7784",
        "version" : "0.1.2"
      }
    }
  ],
  "version" : 3
}
